
Microsoft Visual Studio Solution File, Format Version 12.00
# Visual Studio Version 16
VisualStudioVersion = 16.0.29209.62
MinimumVisualStudioVersion = 10.0.40219.1
Project("{FAE04EC0-301F-11D3-BF4B-00C04F79EFBC}") = "WordCounterSite", "WordCounter\WordCounterSite.csproj", "{824B4BEB-7CD0-4E5D-8278-FFF198C32BD9}"
EndProject
Project("{FAE04EC0-301F-11D3-BF4B-00C04F79EFBC}") = "WordCounterCore", "WordCounterCore\WordCounterCore.csproj", "{10C6FCBF-F4BD-4207-8830-8F6159852852}"
EndProject
Global
	GlobalSection(SolutionConfigurationPlatforms) = preSolution
		Debug|Any CPU = Debug|Any CPU
		Release|Any CPU = Release|Any CPU
	EndGlobalSection
	GlobalSection(ProjectConfigurationPlatforms) = postSolution
		{824B4BEB-7CD0-4E5D-8278-FFF198C32BD9}.Debug|Any CPU.ActiveCfg = Debug|Any CPU
		{824B4BEB-7CD0-4E5D-8278-FFF198C32BD9}.Debug|Any CPU.Build.0 = Debug|Any CPU
		{824B4BEB-7CD0-4E5D-8278-FFF198C32BD9}.Release|Any CPU.ActiveCfg = Release|Any CPU
		{824B4BEB-7CD0-4E5D-8278-FFF198C32BD9}.Release|Any CPU.Build.0 = Release|Any CPU
		{10C6FCBF-F4BD-4207-8830-8F6159852852}.Debug|Any CPU.ActiveCfg = Debug|Any CPU
		{10C6FCBF-F4BD-4207-8830-8F6159852852}.Debug|Any CPU.Build.0 = Debug|Any CPU
		{10C6FCBF-F4BD-4207-8830-8F6159852852}.Release|Any CPU.ActiveCfg = Release|Any CPU
		{10C6FCBF-F4BD-4207-8830-8F6159852852}.Release|Any CPU.Build.0 = Release|Any CPU
	EndGlobalSection
	GlobalSection(SolutionProperties) = preSolution
		HideSolutionNode = FALSE
	EndGlobalSection
	GlobalSection(ExtensibilityGlobals) = postSolution
		SolutionGuid = {AB46CD36-2EC2-4109-91CA-1D41C4079F97}
	EndGlobalSection
EndGlobal
